
Microsoft Visual Studio Solution File, Format Version 12.00
# Visual Studio Version 16
VisualStudioVersion = 16.0.29409.12
MinimumVisualStudioVersion = 10.0.40219.1
Project("{FAE04EC0-301F-11D3-BF4B-00C04F79EFBC}") = "Test", "Test\Test.csproj", "{1613C767-6D24-4B36-AEB1-866B0E3C173D}"
EndProject
Project("{FAE04EC0-301F-11D3-BF4B-00C04F79EFBC}") = "WpfKeretrendszer", "WpfKeretrendszer\WpfKeretrendszer.csproj", "{97D1D0C6-3A53-429B-91CC-A3CFA1121864}"
EndProject
Global
	GlobalSection(SolutionConfigurationPlatforms) = preSolution
		Debug|Any CPU = Debug|Any CPU
		Release|Any CPU = Release|Any CPU
	EndGlobalSection
	GlobalSection(ProjectConfigurationPlatforms) = postSolution
		{1613C767-6D24-4B36-AEB1-866B0E3C173D}.Debug|Any CPU.ActiveCfg = Debug|Any CPU
		{1613C767-6D24-4B36-AEB1-866B0E3C173D}.Debug|Any CPU.Build.0 = Debug|Any CPU
		{1613C767-6D24-4B36-AEB1-866B0E3C173D}.Release|Any CPU.ActiveCfg = Release|Any CPU
		{1613C767-6D24-4B36-AEB1-866B0E3C173D}.Release|Any CPU.Build.0 = Release|Any CPU
		{97D1D0C6-3A53-429B-91CC-A3CFA1121864}.Debug|Any CPU.ActiveCfg = Debug|Any CPU
		{97D1D0C6-3A53-429B-91CC-A3CFA1121864}.Debug|Any CPU.Build.0 = Debug|Any CPU
		{97D1D0C6-3A53-429B-91CC-A3CFA1121864}.Release|Any CPU.ActiveCfg = Release|Any CPU
		{97D1D0C6-3A53-429B-91CC-A3CFA1121864}.Release|Any CPU.Build.0 = Release|Any CPU
	EndGlobalSection
	GlobalSection(SolutionProperties) = preSolution
		HideSolutionNode = FALSE
	EndGlobalSection
	GlobalSection(ExtensibilityGlobals) = postSolution
		SolutionGuid = {ADDD77B5-60A1-4170-986D-615DF8F53203}
	EndGlobalSection
EndGlobal
